// !$*UTF8*$!
{
	archiveVersion = 1;
	classes = {
	};
	objectVersion = 77;
	objects = {

/* Begin PBXBuildFile section */
		00A296DF6F5690172B35725B /* MessagePayload.swift in Sources */ = {isa = PBXBuildFile; fileRef = E9A1059B09DADB51CB823320 /* MessagePayload.swift */; };
		042CF938F2EE60FF79FD6052 /* SessionCredentialTests.swift in Sources */ = {isa = PBXBuildFile; fileRef = BD9743B27B6E97F0986F9830 /* SessionCredentialTests.swift */; };
		061808335DD4FB427F24404A /* Pods_CipherCrypto.framework in Frameworks */ = {isa = PBXBuildFile; fileRef = EF956B52C9027CFF1D1DD1A9 /* Pods_CipherCrypto.framework */; };
		0C2B4BC649F6996DB2BB60FE /* MessagingTestSupport.swift in Sources */ = {isa = PBXBuildFile; fileRef = 0BCBAD9C047C759063780502 /* MessagingTestSupport.swift */; };
		0C7CB886FA573410CFF1FF2B /* CipherCrypto.framework in Frameworks */ = {isa = PBXBuildFile; fileRef = 27EE9F4D2EFA47454597A13F /* CipherCrypto.framework */; };
		0DA2AD1BBBD7D9942A83574D /* MessagingTests.swift in Sources */ = {isa = PBXBuildFile; fileRef = 20D44BB8B6D4BE9BBF544E1D /* MessagingTests.swift */; };
		0F21E1E366595FE97FCB7EE9 /* LibsignalContractTests.swift in Sources */ = {isa = PBXBuildFile; fileRef = 2E1482589F3434312890CF31 /* LibsignalContractTests.swift */; };
		0FFF05490392465EA74AC7DB /* CryptoActor.swift in Sources */ = {isa = PBXBuildFile; fileRef = 522E9E6822AC6B3037716496 /* CryptoActor.swift */; };
		18D3B64D48B455629A0953F0 /* Pods_CipherCryptoTests.framework in Frameworks */ = {isa = PBXBuildFile; fileRef = 9CE44AA19BFDB461A18871B2 /* Pods_CipherCryptoTests.framework */; };
		248BF1E48DC9BCE9C0B8B02E /* CertificatePinnerTests.swift in Sources */ = {isa = PBXBuildFile; fileRef = 368C80198058DFB08844F8C4 /* CertificatePinnerTests.swift */; };
		317B38C3DED4B8682E276FFD /* SealedAppStoreTests.swift in Sources */ = {isa = PBXBuildFile; fileRef = A86547377C2F30593241CD01 /* SealedAppStoreTests.swift */; };
		328297D5F6B3221D25AE6333 /* Foundation.framework in Frameworks */ = {isa = PBXBuildFile; fileRef = 8CF345C885BFDA0D8BD6942C /* Foundation.framework */; };
		32B12CDF28E75B4A992704BE /* SealedRecordDatabase.swift in Sources */ = {isa = PBXBuildFile; fileRef = 1930B1D020A99F51B98FD3E4 /* SealedRecordDatabase.swift */; };
		338E1C5B2D58C7F1F021FD7E /* SealedRowStore.swift in Sources */ = {isa = PBXBuildFile; fileRef = A693E112A193A1817CBB5A25 /* SealedRowStore.swift */; };
		33A1C9C38C7FE84EFB3D5389 /* ProfileStorageTests.swift in Sources */ = {isa = PBXBuildFile; fileRef = AE984B430EAB2A2CCDBE38E0 /* ProfileStorageTests.swift */; };
		35834ED1FCC04FEAFA74107A /* PublishedKeys.swift in Sources */ = {isa = PBXBuildFile; fileRef = 6EF09E7309429B1C09D08A24 /* PublishedKeys.swift */; };
		37BE7ED821518ACE02604C00 /* ProtocolStoreTests.swift in Sources */ = {isa = PBXBuildFile; fileRef = 3249604329CEEFC984EF6401 /* ProtocolStoreTests.swift */; };
		3E30D3D43CA5CA698EF66F86 /* ZeroizationRealityTests.swift in Sources */ = {isa = PBXBuildFile; fileRef = 323F9EC08DCEA062B0E6744B /* ZeroizationRealityTests.swift */; };
		4095C946EBDC8A98D931B170 /* CipherCrypto.framework in Embed CipherCrypto */ = {isa = PBXBuildFile; fileRef = 27EE9F4D2EFA47454597A13F /* CipherCrypto.framework */; settings = {ATTRIBUTES = (CodeSignOnCopy, RemoveHeadersOnCopy, ); }; };
		42444794203CDA405F1F4371 /* RecordStoreTests.swift in Sources */ = {isa = PBXBuildFile; fileRef = 1DF201C6145D494A7D1ADBAE /* RecordStoreTests.swift */; };
		46FAADBFFF4E0C3AAC1CDAEA /* CryptoEngine.swift in Sources */ = {isa = PBXBuildFile; fileRef = D46484753741BE4F05CD2A0C /* CryptoEngine.swift */; };
		49473F83884C8E7F8EE33B3D /* Foundation.framework in Frameworks */ = {isa = PBXBuildFile; fileRef = 8CF345C885BFDA0D8BD6942C /* Foundation.framework */; };
		4A326DE2186DFE93ABDEAD7B /* MessageRepositoryTests.swift in Sources */ = {isa = PBXBuildFile; fileRef = 0688DA856473D84C07A79F08 /* MessageRepositoryTests.swift */; };
		4B8BFBBB2CE8E48BABC86D9A /* EnvelopeTests.swift in Sources */ = {isa = PBXBuildFile; fileRef = 9CEDE557AC7DD0A5148C717A /* EnvelopeTests.swift */; };
		5C2123EC8030E78225AB7C04 /* AppLockTests.swift in Sources */ = {isa = PBXBuildFile; fileRef = 43E7BECB317D1948AACFD6EF /* AppLockTests.swift */; };
		5E96D052EF1D3D89528AB3E9 /* RedactingLogger.swift in Sources */ = {isa = PBXBuildFile; fileRef = 6A371A6E905A0100965DC8D4 /* RedactingLogger.swift */; };
		713D3CB276FE5B4AF49A307B /* ServiceIdentifier.swift in Sources */ = {isa = PBXBuildFile; fileRef = 4F782543DE18F03E59EEDEAB /* ServiceIdentifier.swift */; };
		74173E74956782613B187C63 /* SecretStorage.swift in Sources */ = {isa = PBXBuildFile; fileRef = 5E29AFB504B4A7D90E9B8870 /* SecretStorage.swift */; };
		75C44881BAA0BC9EFA3B72B0 /* CipherCrypto.framework in Frameworks */ = {isa = PBXBuildFile; fileRef = 27EE9F4D2EFA47454597A13F /* CipherCrypto.framework */; };
		776CC8FDACBC0F563EA67E7B /* MessagePayloadTests.swift in Sources */ = {isa = PBXBuildFile; fileRef = 50CD0A9EC85CCE6D23905C51 /* MessagePayloadTests.swift */; };
		786E39286A74AD3282C448E1 /* CipherCrypto.swift in Sources */ = {isa = PBXBuildFile; fileRef = 983C94ECB266FC6D89701413 /* CipherCrypto.swift */; };
		83574981DBE810BB5736CDEC /* StoreEdgeTests.swift in Sources */ = {isa = PBXBuildFile; fileRef = 55205EB997D88B3268CD7180 /* StoreEdgeTests.swift */; };
		87FB7B3DBA877708C2478C04 /* Envelope.swift in Sources */ = {isa = PBXBuildFile; fileRef = 9709CFFEEA416EEFA7150FEF /* Envelope.swift */; };
		8AB774E3490553316CC72B2A /* LockedDecisionsTests.swift in Sources */ = {isa = PBXBuildFile; fileRef = C650C2640D3E41BE3F7574F3 /* LockedDecisionsTests.swift */; };
		8DBF8558619ED2EC7B0121C7 /* PeerKeyBundle.swift in Sources */ = {isa = PBXBuildFile; fileRef = CC990D573D0C5202DE896D1C /* PeerKeyBundle.swift */; };
		965449FD4B46895D05405BFA /* Pods_Cipher.framework in Frameworks */ = {isa = PBXBuildFile; fileRef = C741487CF3332A97BAFB261F /* Pods_Cipher.framework */; };
		9F0A996B23DFED8A21D207C2 /* Pods_CipherTests.framework in Frameworks */ = {isa = PBXBuildFile; fileRef = A5C0EAE4D9CFB94597CF7919 /* Pods_CipherTests.framework */; };
		A52D83C6A721DE4895AB93A6 /* IsolationContract.swift in Sources */ = {isa = PBXBuildFile; fileRef = 60F63954BB0E3ADA903AFBEE /* IsolationContract.swift */; };
		A6FFBC25C9E20A10B0807CC6 /* CipherProtocolStore.swift in Sources */ = {isa = PBXBuildFile; fileRef = A190A5F3E3385E5ED800DE83 /* CipherProtocolStore.swift */; };
		AABC215130C4E06664A499C7 /* RelayTransportTests.swift in Sources */ = {isa = PBXBuildFile; fileRef = 22FCDC82AD1D238DDE0A000B /* RelayTransportTests.swift */; };
		B5E66E699DC497B957020592 /* SecretData.swift in Sources */ = {isa = PBXBuildFile; fileRef = 26417F8E5A66191B53228ECC /* SecretData.swift */; };
		BAEBCC6CE6CA2AD6DA249C22 /* ConversationArchiveTests.swift in Sources */ = {isa = PBXBuildFile; fileRef = 770D65600DB8D4BFC2347640 /* ConversationArchiveTests.swift */; };
		C90751C827A2F416B33D9C2B /* PeerAddress.swift in Sources */ = {isa = PBXBuildFile; fileRef = AC2A0FF42C6B89F1B32208E9 /* PeerAddress.swift */; };
		CACD818BB01CE920CE17F732 /* StoreTestSupport.swift in Sources */ = {isa = PBXBuildFile; fileRef = 50C4F2FE88B345A223BC0399 /* StoreTestSupport.swift */; };
		D23648D596EA56613ED962D3 /* Messaging.swift in Sources */ = {isa = PBXBuildFile; fileRef = 2BB47BD551596C5410A1E83A /* Messaging.swift */; };
		D774C272C66FBEB28D73D916 /* SealedAppStore.swift in Sources */ = {isa = PBXBuildFile; fileRef = 0517C048C8D227D230307C74 /* SealedAppStore.swift */; };
		D788943F1D625F858963BEAD /* RecordStore.swift in Sources */ = {isa = PBXBuildFile; fileRef = 33B17B0B63C5DBA23D90C87D /* RecordStore.swift */; };
		D794929AC3A840996E321A8C /* SealedRowStoreTests.swift in Sources */ = {isa = PBXBuildFile; fileRef = 59816AEB4785C308F2B05BE2 /* SealedRowStoreTests.swift */; };
		E32D1DB20A9D80DA28DF27E2 /* PublishedKeysTests.swift in Sources */ = {isa = PBXBuildFile; fileRef = 419EE3F6AA480C50A5604B01 /* PublishedKeysTests.swift */; };
		EA74E2C7F0DC4468C42E074B /* PeerIdentityRecord.swift in Sources */ = {isa = PBXBuildFile; fileRef = E439ADE2D608F45BC8C8812B /* PeerIdentityRecord.swift */; };
		ED2728FA1FFE8986C83F76EF /* ConversationQuotaTests.swift in Sources */ = {isa = PBXBuildFile; fileRef = C4FA96E668086413B4FE14BB /* ConversationQuotaTests.swift */; };
		F0FC50C9FA15DE850C497D40 /* InviteRedemptionTests.swift in Sources */ = {isa = PBXBuildFile; fileRef = F3E310D252BFBADDBF4AA5BC /* InviteRedemptionTests.swift */; };
		F36F71FF681E26BC3091DE26 /* EncryptedFileRecordStore.swift in Sources */ = {isa = PBXBuildFile; fileRef = EEA471F84B32DC4837B2AC7F /* EncryptedFileRecordStore.swift */; };
		F65F77DA55464AEEE850B692 /* DeviceIdentity.swift in Sources */ = {isa = PBXBuildFile; fileRef = 55D993D543F33EAD5EC4BED4 /* DeviceIdentity.swift */; };
		F9E181CE9476FD2C1A37C8DA /* Foundation.framework in Frameworks */ = {isa = PBXBuildFile; fileRef = 8CF345C885BFDA0D8BD6942C /* Foundation.framework */; };
/* End PBXBuildFile section */

/* Begin PBXContainerItemProxy section */
		501624C1B2F7A7A9F0583FF2 /* PBXContainerItemProxy */ = {
			isa = PBXContainerItemProxy;
			containerPortal = 59EC0B9E3016349B0033985A /* Project object */;
			proxyType = 1;
			remoteGlobalIDString = 22CCFA07FBBB114DE077490E;
			remoteInfo = CipherCrypto;
		};
		611BE6CCB475D61166365420 /* PBXContainerItemProxy */ = {
			isa = PBXContainerItemProxy;
			containerPortal = 59EC0B9E3016349B0033985A /* Project object */;
			proxyType = 1;
			remoteGlobalIDString = 22CCFA07FBBB114DE077490E;
			remoteInfo = CipherCrypto;
		};
		A59213DC437EAF1A5F6101EE /* PBXContainerItemProxy */ = {
			isa = PBXContainerItemProxy;
			containerPortal = 59EC0B9E3016349B0033985A /* Project object */;
			proxyType = 1;
			remoteGlobalIDString = 59EC0BA53016349B0033985A;
			remoteInfo = Cipher;
		};
		E7DEF2DD778EC2167E434CA0 /* PBXContainerItemProxy */ = {
			isa = PBXContainerItemProxy;
			containerPortal = 59EC0B9E3016349B0033985A /* Project object */;
			proxyType = 1;
			remoteGlobalIDString = 59EC0BA53016349B0033985A;
			remoteInfo = Cipher;
		};
/* End PBXContainerItemProxy section */

/* Begin PBXCopyFilesBuildPhase section */
		BA1638EF59E6B27D6E76CDEA /* Embed CipherCrypto */ = {
			isa = PBXCopyFilesBuildPhase;
			buildActionMask = 2147483647;
			dstPath = "";
			dstSubfolderSpec = 10;
			files = (
				4095C946EBDC8A98D931B170 /* CipherCrypto.framework in Embed CipherCrypto */,
			);
			name = "Embed CipherCrypto";
			runOnlyForDeploymentPostprocessing = 0;
		};
/* End PBXCopyFilesBuildPhase section */

/* Begin PBXFileReference section */
		0517C048C8D227D230307C74 /* SealedAppStore.swift */ = {isa = PBXFileReference; includeInIndex = 1; lastKnownFileType = sourcecode.swift; name = SealedAppStore.swift; path = CipherCrypto/Sources/Store/SealedAppStore.swift; sourceTree = SOURCE_ROOT; };
		0688DA856473D84C07A79F08 /* MessageRepositoryTests.swift */ = {isa = PBXFileReference; includeInIndex = 1; lastKnownFileType = sourcecode.swift; path = CipherTests/MessageRepositoryTests.swift; sourceTree = SOURCE_ROOT; };
		0BCBAD9C047C759063780502 /* MessagingTestSupport.swift */ = {isa = PBXFileReference; includeInIndex = 1; lastKnownFileType = sourcecode.swift; path = CipherTests/MessagingTestSupport.swift; sourceTree = SOURCE_ROOT; };
		1250270E512D8253FA3AD568 /* Pods-CipherCrypto.debug.xcconfig */ = {isa = PBXFileReference; includeInIndex = 1; lastKnownFileType = text.xcconfig; name = "Pods-CipherCrypto.debug.xcconfig"; path = "Target Support Files/Pods-CipherCrypto/Pods-CipherCrypto.debug.xcconfig"; sourceTree = "<group>"; };
		1930B1D020A99F51B98FD3E4 /* SealedRecordDatabase.swift */ = {isa = PBXFileReference; includeInIndex = 1; lastKnownFileType = sourcecode.swift; name = SealedRecordDatabase.swift; path = CipherCrypto/Sources/Store/SealedRecordDatabase.swift; sourceTree = SOURCE_ROOT; };
		1DF201C6145D494A7D1ADBAE /* RecordStoreTests.swift */ = {isa = PBXFileReference; includeInIndex = 1; lastKnownFileType = sourcecode.swift; path = CipherCryptoTests/RecordStoreTests.swift; sourceTree = SOURCE_ROOT; };
		1EB5B9023A76498C444C98DC /* Pods-CipherCryptoTests.debug.xcconfig */ = {isa = PBXFileReference; includeInIndex = 1; lastKnownFileType = text.xcconfig; name = "Pods-CipherCryptoTests.debug.xcconfig"; path = "Target Support Files/Pods-CipherCryptoTests/Pods-CipherCryptoTests.debug.xcconfig"; sourceTree = "<group>"; };
		20D44BB8B6D4BE9BBF544E1D /* MessagingTests.swift */ = {isa = PBXFileReference; includeInIndex = 1; lastKnownFileType = sourcecode.swift; path = CipherCryptoTests/MessagingTests.swift; sourceTree = SOURCE_ROOT; };
		22FCDC82AD1D238DDE0A000B /* RelayTransportTests.swift */ = {isa = PBXFileReference; includeInIndex = 1; lastKnownFileType = sourcecode.swift; path = CipherTests/RelayTransportTests.swift; sourceTree = SOURCE_ROOT; };
		26417F8E5A66191B53228ECC /* SecretData.swift */ = {isa = PBXFileReference; includeInIndex = 1; lastKnownFileType = sourcecode.swift; name = SecretData.swift; path = CipherCrypto/Sources/Crypto/SecretData.swift; sourceTree = SOURCE_ROOT; };
		27EE9F4D2EFA47454597A13F /* CipherCrypto.framework */ = {isa = PBXFileReference; explicitFileType = wrapper.framework; includeInIndex = 0; path = CipherCrypto.framework; sourceTree = BUILT_PRODUCTS_DIR; };
		2BB47BD551596C5410A1E83A /* Messaging.swift */ = {isa = PBXFileReference; includeInIndex = 1; lastKnownFileType = sourcecode.swift; name = Messaging.swift; path = CipherCrypto/Sources/Engine/Messaging.swift; sourceTree = SOURCE_ROOT; };
		2E1482589F3434312890CF31 /* LibsignalContractTests.swift */ = {isa = PBXFileReference; includeInIndex = 1; lastKnownFileType = sourcecode.swift; path = CipherCryptoTests/LibsignalContractTests.swift; sourceTree = SOURCE_ROOT; };
		323F9EC08DCEA062B0E6744B /* ZeroizationRealityTests.swift */ = {isa = PBXFileReference; includeInIndex = 1; lastKnownFileType = sourcecode.swift; path = CipherCryptoTests/ZeroizationRealityTests.swift; sourceTree = SOURCE_ROOT; };
		3249604329CEEFC984EF6401 /* ProtocolStoreTests.swift */ = {isa = PBXFileReference; includeInIndex = 1; lastKnownFileType = sourcecode.swift; path = CipherCryptoTests/ProtocolStoreTests.swift; sourceTree = SOURCE_ROOT; };
		33B17B0B63C5DBA23D90C87D /* RecordStore.swift */ = {isa = PBXFileReference; includeInIndex = 1; lastKnownFileType = sourcecode.swift; name = RecordStore.swift; path = CipherCrypto/Sources/Store/RecordStore.swift; sourceTree = SOURCE_ROOT; };
		368C80198058DFB08844F8C4 /* CertificatePinnerTests.swift */ = {isa = PBXFileReference; includeInIndex = 1; lastKnownFileType = sourcecode.swift; path = CipherTests/CertificatePinnerTests.swift; sourceTree = SOURCE_ROOT; };
		38481AA880A269F23525BE35 /* CipherCryptoTests.xctest */ = {isa = PBXFileReference; explicitFileType = wrapper.cfbundle; includeInIndex = 0; path = CipherCryptoTests.xctest; sourceTree = BUILT_PRODUCTS_DIR; };
		419EE3F6AA480C50A5604B01 /* PublishedKeysTests.swift */ = {isa = PBXFileReference; includeInIndex = 1; lastKnownFileType = sourcecode.swift; path = CipherCryptoTests/PublishedKeysTests.swift; sourceTree = SOURCE_ROOT; };
		43E7BECB317D1948AACFD6EF /* AppLockTests.swift */ = {isa = PBXFileReference; includeInIndex = 1; lastKnownFileType = sourcecode.swift; path = CipherTests/AppLockTests.swift; sourceTree = SOURCE_ROOT; };
		4F782543DE18F03E59EEDEAB /* ServiceIdentifier.swift */ = {isa = PBXFileReference; includeInIndex = 1; lastKnownFileType = sourcecode.swift; name = ServiceIdentifier.swift; path = CipherCrypto/Sources/Wire/ServiceIdentifier.swift; sourceTree = SOURCE_ROOT; };
		50C4F2FE88B345A223BC0399 /* StoreTestSupport.swift */ = {isa = PBXFileReference; includeInIndex = 1; lastKnownFileType = sourcecode.swift; name = StoreTestSupport.swift; path = CipherCryptoTests/Support/StoreTestSupport.swift; sourceTree = SOURCE_ROOT; };
		50CD0A9EC85CCE6D23905C51 /* MessagePayloadTests.swift */ = {isa = PBXFileReference; includeInIndex = 1; lastKnownFileType = sourcecode.swift; path = CipherCryptoTests/MessagePayloadTests.swift; sourceTree = SOURCE_ROOT; };
		51E6535EA7AB2420557804D3 /* Pods-Cipher.release.xcconfig */ = {isa = PBXFileReference; includeInIndex = 1; lastKnownFileType = text.xcconfig; name = "Pods-Cipher.release.xcconfig"; path = "Target Support Files/Pods-Cipher/Pods-Cipher.release.xcconfig"; sourceTree = "<group>"; };
		522E9E6822AC6B3037716496 /* CryptoActor.swift */ = {isa = PBXFileReference; includeInIndex = 1; lastKnownFileType = sourcecode.swift; name = CryptoActor.swift; path = CipherCrypto/Sources/Engine/CryptoActor.swift; sourceTree = SOURCE_ROOT; };
		55205EB997D88B3268CD7180 /* StoreEdgeTests.swift */ = {isa = PBXFileReference; includeInIndex = 1; lastKnownFileType = sourcecode.swift; path = CipherCryptoTests/StoreEdgeTests.swift; sourceTree = SOURCE_ROOT; };
		55D993D543F33EAD5EC4BED4 /* DeviceIdentity.swift */ = {isa = PBXFileReference; includeInIndex = 1; lastKnownFileType = sourcecode.swift; name = DeviceIdentity.swift; path = CipherCrypto/Sources/Store/DeviceIdentity.swift; sourceTree = SOURCE_ROOT; };
		59816AEB4785C308F2B05BE2 /* SealedRowStoreTests.swift */ = {isa = PBXFileReference; includeInIndex = 1; lastKnownFileType = sourcecode.swift; path = CipherCryptoTests/SealedRowStoreTests.swift; sourceTree = SOURCE_ROOT; };
		59EC0BA63016349B0033985A /* Cipher.app */ = {isa = PBXFileReference; explicitFileType = wrapper.application; includeInIndex = 0; path = Cipher.app; sourceTree = BUILT_PRODUCTS_DIR; };
		5E29AFB504B4A7D90E9B8870 /* SecretStorage.swift */ = {isa = PBXFileReference; includeInIndex = 1; lastKnownFileType = sourcecode.swift; name = SecretStorage.swift; path = CipherCrypto/Sources/Store/SecretStorage.swift; sourceTree = SOURCE_ROOT; };
		60F63954BB0E3ADA903AFBEE /* IsolationContract.swift */ = {isa = PBXFileReference; includeInIndex = 1; lastKnownFileType = sourcecode.swift; name = IsolationContract.swift; path = CipherCrypto/Sources/Engine/IsolationContract.swift; sourceTree = SOURCE_ROOT; };
		69694E5A85DCF8DE4B61667A /* Pods-CipherTests.debug.xcconfig */ = {isa = PBXFileReference; includeInIndex = 1; lastKnownFileType = text.xcconfig; name = "Pods-CipherTests.debug.xcconfig"; path = "Target Support Files/Pods-CipherTests/Pods-CipherTests.debug.xcconfig"; sourceTree = "<group>"; };
		6A371A6E905A0100965DC8D4 /* RedactingLogger.swift */ = {isa = PBXFileReference; includeInIndex = 1; lastKnownFileType = sourcecode.swift; name = RedactingLogger.swift; path = CipherCrypto/Sources/Logging/RedactingLogger.swift; sourceTree = SOURCE_ROOT; };
		6EF09E7309429B1C09D08A24 /* PublishedKeys.swift */ = {isa = PBXFileReference; includeInIndex = 1; lastKnownFileType = sourcecode.swift; name = PublishedKeys.swift; path = CipherCrypto/Sources/Engine/PublishedKeys.swift; sourceTree = SOURCE_ROOT; };
		770D65600DB8D4BFC2347640 /* ConversationArchiveTests.swift */ = {isa = PBXFileReference; includeInIndex = 1; lastKnownFileType = sourcecode.swift; path = CipherTests/ConversationArchiveTests.swift; sourceTree = SOURCE_ROOT; };
		8CF345C885BFDA0D8BD6942C /* Foundation.framework */ = {isa = PBXFileReference; lastKnownFileType = wrapper.framework; name = Foundation.framework; path = Platforms/iPhoneOS.platform/Developer/SDKs/iPhoneOS26.0.sdk/System/Library/Frameworks/Foundation.framework; sourceTree = DEVELOPER_DIR; };
		92B1E7C0CE0ECC8CAF4C76F8 /* Pods-CipherTests.release.xcconfig */ = {isa = PBXFileReference; includeInIndex = 1; lastKnownFileType = text.xcconfig; name = "Pods-CipherTests.release.xcconfig"; path = "Target Support Files/Pods-CipherTests/Pods-CipherTests.release.xcconfig"; sourceTree = "<group>"; };
		9709CFFEEA416EEFA7150FEF /* Envelope.swift */ = {isa = PBXFileReference; includeInIndex = 1; lastKnownFileType = sourcecode.swift; name = Envelope.swift; path = CipherCrypto/Sources/Wire/Envelope.swift; sourceTree = SOURCE_ROOT; };
		983C94ECB266FC6D89701413 /* CipherCrypto.swift */ = {isa = PBXFileReference; includeInIndex = 1; lastKnownFileType = sourcecode.swift; name = CipherCrypto.swift; path = CipherCrypto/Sources/CipherCrypto.swift; sourceTree = SOURCE_ROOT; };
		9CE44AA19BFDB461A18871B2 /* Pods_CipherCryptoTests.framework */ = {isa = PBXFileReference; explicitFileType = wrapper.framework; includeInIndex = 0; path = Pods_CipherCryptoTests.framework; sourceTree = BUILT_PRODUCTS_DIR; };
		9CEDE557AC7DD0A5148C717A /* EnvelopeTests.swift */ = {isa = PBXFileReference; includeInIndex = 1; lastKnownFileType = sourcecode.swift; path = CipherCryptoTests/EnvelopeTests.swift; sourceTree = SOURCE_ROOT; };
		A190A5F3E3385E5ED800DE83 /* CipherProtocolStore.swift */ = {isa = PBXFileReference; includeInIndex = 1; lastKnownFileType = sourcecode.swift; name = CipherProtocolStore.swift; path = CipherCrypto/Sources/Store/CipherProtocolStore.swift; sourceTree = SOURCE_ROOT; };
		A5C0EAE4D9CFB94597CF7919 /* Pods_CipherTests.framework */ = {isa = PBXFileReference; explicitFileType = wrapper.framework; includeInIndex = 0; path = Pods_CipherTests.framework; sourceTree = BUILT_PRODUCTS_DIR; };
		A693E112A193A1817CBB5A25 /* SealedRowStore.swift */ = {isa = PBXFileReference; includeInIndex = 1; lastKnownFileType = sourcecode.swift; name = SealedRowStore.swift; path = CipherCrypto/Sources/Store/SealedRowStore.swift; sourceTree = SOURCE_ROOT; };
		A86547377C2F30593241CD01 /* SealedAppStoreTests.swift */ = {isa = PBXFileReference; includeInIndex = 1; lastKnownFileType = sourcecode.swift; path = CipherCryptoTests/SealedAppStoreTests.swift; sourceTree = SOURCE_ROOT; };
		AC2A0FF42C6B89F1B32208E9 /* PeerAddress.swift */ = {isa = PBXFileReference; includeInIndex = 1; lastKnownFileType = sourcecode.swift; name = PeerAddress.swift; path = CipherCrypto/Sources/Engine/PeerAddress.swift; sourceTree = SOURCE_ROOT; };
		AE984B430EAB2A2CCDBE38E0 /* ProfileStorageTests.swift */ = {isa = PBXFileReference; includeInIndex = 1; lastKnownFileType = sourcecode.swift; path = CipherTests/ProfileStorageTests.swift; sourceTree = SOURCE_ROOT; };
		BD9743B27B6E97F0986F9830 /* SessionCredentialTests.swift */ = {isa = PBXFileReference; includeInIndex = 1; lastKnownFileType = sourcecode.swift; path = CipherTests/SessionCredentialTests.swift; sourceTree = SOURCE_ROOT; };
		C4FA96E668086413B4FE14BB /* ConversationQuotaTests.swift */ = {isa = PBXFileReference; includeInIndex = 1; lastKnownFileType = sourcecode.swift; path = CipherTests/ConversationQuotaTests.swift; sourceTree = SOURCE_ROOT; };
		C650C2640D3E41BE3F7574F3 /* LockedDecisionsTests.swift */ = {isa = PBXFileReference; includeInIndex = 1; lastKnownFileType = sourcecode.swift; path = CipherCryptoTests/LockedDecisionsTests.swift; sourceTree = SOURCE_ROOT; };
		C741487CF3332A97BAFB261F /* Pods_Cipher.framework */ = {isa = PBXFileReference; explicitFileType = wrapper.framework; includeInIndex = 0; path = Pods_Cipher.framework; sourceTree = BUILT_PRODUCTS_DIR; };
		CA26B96B15EBE6A58944B572 /* Pods-CipherCrypto.release.xcconfig */ = {isa = PBXFileReference; includeInIndex = 1; lastKnownFileType = text.xcconfig; name = "Pods-CipherCrypto.release.xcconfig"; path = "Target Support Files/Pods-CipherCrypto/Pods-CipherCrypto.release.xcconfig"; sourceTree = "<group>"; };
		CC990D573D0C5202DE896D1C /* PeerKeyBundle.swift */ = {isa = PBXFileReference; includeInIndex = 1; lastKnownFileType = sourcecode.swift; name = PeerKeyBundle.swift; path = CipherCrypto/Sources/Engine/PeerKeyBundle.swift; sourceTree = SOURCE_ROOT; };
		CDF1A3AF7293F5E9492A6D75 /* CipherTests.xctest */ = {isa = PBXFileReference; explicitFileType = wrapper.cfbundle; includeInIndex = 0; path = CipherTests.xctest; sourceTree = BUILT_PRODUCTS_DIR; };
		D46484753741BE4F05CD2A0C /* CryptoEngine.swift */ = {isa = PBXFileReference; includeInIndex = 1; lastKnownFileType = sourcecode.swift; name = CryptoEngine.swift; path = CipherCrypto/Sources/Engine/CryptoEngine.swift; sourceTree = SOURCE_ROOT; };
		D4D220698347B14C8894D002 /* Pods-CipherCryptoTests.release.xcconfig */ = {isa = PBXFileReference; includeInIndex = 1; lastKnownFileType = text.xcconfig; name = "Pods-CipherCryptoTests.release.xcconfig"; path = "Target Support Files/Pods-CipherCryptoTests/Pods-CipherCryptoTests.release.xcconfig"; sourceTree = "<group>"; };
		E439ADE2D608F45BC8C8812B /* PeerIdentityRecord.swift */ = {isa = PBXFileReference; includeInIndex = 1; lastKnownFileType = sourcecode.swift; name = PeerIdentityRecord.swift; path = CipherCrypto/Sources/Store/PeerIdentityRecord.swift; sourceTree = SOURCE_ROOT; };
		E9A1059B09DADB51CB823320 /* MessagePayload.swift */ = {isa = PBXFileReference; includeInIndex = 1; lastKnownFileType = sourcecode.swift; name = MessagePayload.swift; path = CipherCrypto/Sources/Wire/MessagePayload.swift; sourceTree = SOURCE_ROOT; };
		EA0F25AF9A6130A829987D1F /* Pods-Cipher.debug.xcconfig */ = {isa = PBXFileReference; includeInIndex = 1; lastKnownFileType = text.xcconfig; name = "Pods-Cipher.debug.xcconfig"; path = "Target Support Files/Pods-Cipher/Pods-Cipher.debug.xcconfig"; sourceTree = "<group>"; };
		EEA471F84B32DC4837B2AC7F /* EncryptedFileRecordStore.swift */ = {isa = PBXFileReference; includeInIndex = 1; lastKnownFileType = sourcecode.swift; name = EncryptedFileRecordStore.swift; path = CipherCrypto/Sources/Store/EncryptedFileRecordStore.swift; sourceTree = SOURCE_ROOT; };
		EF956B52C9027CFF1D1DD1A9 /* Pods_CipherCrypto.framework */ = {isa = PBXFileReference; explicitFileType = wrapper.framework; includeInIndex = 0; path = Pods_CipherCrypto.framework; sourceTree = BUILT_PRODUCTS_DIR; };
		F3E310D252BFBADDBF4AA5BC /* InviteRedemptionTests.swift */ = {isa = PBXFileReference; includeInIndex = 1; lastKnownFileType = sourcecode.swift; path = CipherTests/InviteRedemptionTests.swift; sourceTree = SOURCE_ROOT; };
/* End PBXFileReference section */

/* Begin PBXFileSystemSynchronizedRootGroup section */
		59EC0BA83016349B0033985A /* Cipher */ = {
			isa = PBXFileSystemSynchronizedRootGroup;
			exceptions = (
			);
			path = Cipher;
			sourceTree = "<group>";
		};
/* End PBXFileSystemSynchronizedRootGroup section */

/* Begin PBXFrameworksBuildPhase section */
		59EC0BA33016349B0033985A /* Frameworks */ = {
			isa = PBXFrameworksBuildPhase;
			buildActionMask = 2147483647;
			files = (
				0C7CB886FA573410CFF1FF2B /* CipherCrypto.framework in Frameworks */,
				965449FD4B46895D05405BFA /* Pods_Cipher.framework in Frameworks */,
			);
			runOnlyForDeploymentPostprocessing = 0;
		};
		A81A44A5160E5077CB0DE4DE /* Frameworks */ = {
			isa = PBXFrameworksBuildPhase;
			buildActionMask = 2147483647;
			files = (
				49473F83884C8E7F8EE33B3D /* Foundation.framework in Frameworks */,
				75C44881BAA0BC9EFA3B72B0 /* CipherCrypto.framework in Frameworks */,
				18D3B64D48B455629A0953F0 /* Pods_CipherCryptoTests.framework in Frameworks */,
			);
			runOnlyForDeploymentPostprocessing = 0;
		};
		BCF86C1D4B9C0B1A660A7C19 /* Frameworks */ = {
			isa = PBXFrameworksBuildPhase;
			buildActionMask = 2147483647;
			files = (
				328297D5F6B3221D25AE6333 /* Foundation.framework in Frameworks */,
				9F0A996B23DFED8A21D207C2 /* Pods_CipherTests.framework in Frameworks */,
			);
			runOnlyForDeploymentPostprocessing = 0;
		};
		BEAE4C1E5D9A7B55CB3C0315 /* Frameworks */ = {
			isa = PBXFrameworksBuildPhase;
			buildActionMask = 2147483647;
			files = (
				F9E181CE9476FD2C1A37C8DA /* Foundation.framework in Frameworks */,
				061808335DD4FB427F24404A /* Pods_CipherCrypto.framework in Frameworks */,
			);
			runOnlyForDeploymentPostprocessing = 0;
		};
/* End PBXFrameworksBuildPhase section */

/* Begin PBXGroup section */
		55719BF5AC5702EB3973625A /* Pods */ = {
			isa = PBXGroup;
			children = (
				EA0F25AF9A6130A829987D1F /* Pods-Cipher.debug.xcconfig */,
				51E6535EA7AB2420557804D3 /* Pods-Cipher.release.xcconfig */,
				CA26B96B15EBE6A58944B572 /* Pods-CipherCrypto.release.xcconfig */,
				1250270E512D8253FA3AD568 /* Pods-CipherCrypto.debug.xcconfig */,
				D4D220698347B14C8894D002 /* Pods-CipherCryptoTests.release.xcconfig */,
				1EB5B9023A76498C444C98DC /* Pods-CipherCryptoTests.debug.xcconfig */,
				92B1E7C0CE0ECC8CAF4C76F8 /* Pods-CipherTests.release.xcconfig */,
				69694E5A85DCF8DE4B61667A /* Pods-CipherTests.debug.xcconfig */,
			);
			path = Pods;
			sourceTree = "<group>";
		};
		5819750B524358AB3C73DA70 /* CipherTests */ = {
			isa = PBXGroup;
			children = (
				BD9743B27B6E97F0986F9830 /* SessionCredentialTests.swift */,
				43E7BECB317D1948AACFD6EF /* AppLockTests.swift */,
				368C80198058DFB08844F8C4 /* CertificatePinnerTests.swift */,
				F3E310D252BFBADDBF4AA5BC /* InviteRedemptionTests.swift */,
				770D65600DB8D4BFC2347640 /* ConversationArchiveTests.swift */,
				0688DA856473D84C07A79F08 /* MessageRepositoryTests.swift */,
				0BCBAD9C047C759063780502 /* MessagingTestSupport.swift */,
				AE984B430EAB2A2CCDBE38E0 /* ProfileStorageTests.swift */,
				C4FA96E668086413B4FE14BB /* ConversationQuotaTests.swift */,
				22FCDC82AD1D238DDE0A000B /* RelayTransportTests.swift */,
			);
			path = CipherTests;
			sourceTree = "<group>";
		};
		59EC0B9D3016349B0033985A = {
			isa = PBXGroup;
			children = (
				59EC0BA83016349B0033985A /* Cipher */,
				59EC0BA73016349B0033985A /* Products */,
				FBA98D9B35839284D987C1DF /* Frameworks */,
				7183C88CFD7632A686DE3989 /* CipherCrypto */,
				B8F49C1E95205386AC602C9B /* CipherCryptoTests */,
				55719BF5AC5702EB3973625A /* Pods */,
				5819750B524358AB3C73DA70 /* CipherTests */,
			);
			sourceTree = "<group>";
		};
		59EC0BA73016349B0033985A /* Products */ = {
			isa = PBXGroup;
			children = (
				59EC0BA63016349B0033985A /* Cipher.app */,
				27EE9F4D2EFA47454597A13F /* CipherCrypto.framework */,
				38481AA880A269F23525BE35 /* CipherCryptoTests.xctest */,
				CDF1A3AF7293F5E9492A6D75 /* CipherTests.xctest */,
			);
			name = Products;
			sourceTree = "<group>";
		};
		7183C88CFD7632A686DE3989 /* CipherCrypto */ = {
			isa = PBXGroup;
			children = (
				983C94ECB266FC6D89701413 /* CipherCrypto.swift */,
				26417F8E5A66191B53228ECC /* SecretData.swift */,
				522E9E6822AC6B3037716496 /* CryptoActor.swift */,
				60F63954BB0E3ADA903AFBEE /* IsolationContract.swift */,
				6A371A6E905A0100965DC8D4 /* RedactingLogger.swift */,
				9709CFFEEA416EEFA7150FEF /* Envelope.swift */,
				D46484753741BE4F05CD2A0C /* CryptoEngine.swift */,
				A190A5F3E3385E5ED800DE83 /* CipherProtocolStore.swift */,
				55D993D543F33EAD5EC4BED4 /* DeviceIdentity.swift */,
				EEA471F84B32DC4837B2AC7F /* EncryptedFileRecordStore.swift */,
				E439ADE2D608F45BC8C8812B /* PeerIdentityRecord.swift */,
				33B17B0B63C5DBA23D90C87D /* RecordStore.swift */,
				5E29AFB504B4A7D90E9B8870 /* SecretStorage.swift */,
				2BB47BD551596C5410A1E83A /* Messaging.swift */,
				AC2A0FF42C6B89F1B32208E9 /* PeerAddress.swift */,
				CC990D573D0C5202DE896D1C /* PeerKeyBundle.swift */,
				4F782543DE18F03E59EEDEAB /* ServiceIdentifier.swift */,
				6EF09E7309429B1C09D08A24 /* PublishedKeys.swift */,
				0517C048C8D227D230307C74 /* SealedAppStore.swift */,
				E9A1059B09DADB51CB823320 /* MessagePayload.swift */,
				1930B1D020A99F51B98FD3E4 /* SealedRecordDatabase.swift */,
				A693E112A193A1817CBB5A25 /* SealedRowStore.swift */,
			);
			path = CipherCrypto;
			sourceTree = "<group>";
		};
		7947A67E6E6F8D61FFF8246B /* iOS */ = {
			isa = PBXGroup;
			children = (
				8CF345C885BFDA0D8BD6942C /* Foundation.framework */,
			);
			name = iOS;
			sourceTree = "<group>";
		};
		B8F49C1E95205386AC602C9B /* CipherCryptoTests */ = {
			isa = PBXGroup;
			children = (
				2E1482589F3434312890CF31 /* LibsignalContractTests.swift */,
				323F9EC08DCEA062B0E6744B /* ZeroizationRealityTests.swift */,
				9CEDE557AC7DD0A5148C717A /* EnvelopeTests.swift */,
				3249604329CEEFC984EF6401 /* ProtocolStoreTests.swift */,
				1DF201C6145D494A7D1ADBAE /* RecordStoreTests.swift */,
				50C4F2FE88B345A223BC0399 /* StoreTestSupport.swift */,
				C650C2640D3E41BE3F7574F3 /* LockedDecisionsTests.swift */,
				20D44BB8B6D4BE9BBF544E1D /* MessagingTests.swift */,
				55205EB997D88B3268CD7180 /* StoreEdgeTests.swift */,
				50CD0A9EC85CCE6D23905C51 /* MessagePayloadTests.swift */,
				419EE3F6AA480C50A5604B01 /* PublishedKeysTests.swift */,
				A86547377C2F30593241CD01 /* SealedAppStoreTests.swift */,
				59816AEB4785C308F2B05BE2 /* SealedRowStoreTests.swift */,
			);
			path = CipherCryptoTests;
			sourceTree = "<group>";
		};
		FBA98D9B35839284D987C1DF /* Frameworks */ = {
			isa = PBXGroup;
			children = (
				7947A67E6E6F8D61FFF8246B /* iOS */,
				C741487CF3332A97BAFB261F /* Pods_Cipher.framework */,
				EF956B52C9027CFF1D1DD1A9 /* Pods_CipherCrypto.framework */,
				9CE44AA19BFDB461A18871B2 /* Pods_CipherCryptoTests.framework */,
				A5C0EAE4D9CFB94597CF7919 /* Pods_CipherTests.framework */,
			);
			name = Frameworks;
			sourceTree = "<group>";
		};
/* End PBXGroup section */

/* Begin PBXNativeTarget section */
		22CCFA07FBBB114DE077490E /* CipherCrypto */ = {
			isa = PBXNativeTarget;
			buildConfigurationList = BD3820FF5F90F676E41F7D4F /* Build configuration list for PBXNativeTarget "CipherCrypto" */;
			buildPhases = (
				94284884653DE6AB2E0ADD65 /* Guard: build from Cipher.xcworkspace */,
				F060ACDC69BDD80308097BA7 /* [CP] Check Pods Manifest.lock */,
				9DD7052DD1E398E69C5D6E16 /* Sources */,
				BEAE4C1E5D9A7B55CB3C0315 /* Frameworks */,
				F86828FD13D3E6ED73062108 /* Resources */,
			);
			buildRules = (
			);
			dependencies = (
			);
			name = CipherCrypto;
			productName = CipherCrypto;
			productReference = 27EE9F4D2EFA47454597A13F /* CipherCrypto.framework */;
			productType = "com.apple.product-type.framework";
		};
		2BDEB6F194143F96D75038B6 /* CipherTests */ = {
			isa = PBXNativeTarget;
			buildConfigurationList = 1515AD6256C48A8E9CF07175 /* Build configuration list for PBXNativeTarget "CipherTests" */;
			buildPhases = (
				A9088EBBFD4842618C5181FD /* [CP] Check Pods Manifest.lock */,
				47CD1B6F87543AD204FBBEFB /* Sources */,
				BCF86C1D4B9C0B1A660A7C19 /* Frameworks */,
				FF43BCE238CDFE539A20B7B2 /* Resources */,
				0FBEF93D2B0E5A99D3794E43 /* [CP] Embed Pods Frameworks */,
			);
			buildRules = (
			);
			dependencies = (
				5C24EF7A4E61552E9E0F0E7F /* PBXTargetDependency */,
			);
			name = CipherTests;
			productName = CipherTests;
			productReference = CDF1A3AF7293F5E9492A6D75 /* CipherTests.xctest */;
			productType = "com.apple.product-type.bundle.unit-test";
		};
		59EC0BA53016349B0033985A /* Cipher */ = {
			isa = PBXNativeTarget;
			buildConfigurationList = 59EC0BB13016349C0033985A /* Build configuration list for PBXNativeTarget "Cipher" */;
			buildPhases = (
				97906001276085C5F37FB09A /* Guard: build from Cipher.xcworkspace */,
				9B00E4445E67AA89086544B2 /* [CP] Check Pods Manifest.lock */,
				59EC0BA23016349B0033985A /* Sources */,
				59EC0BA33016349B0033985A /* Frameworks */,
				59EC0BA43016349B0033985A /* Resources */,
				BA1638EF59E6B27D6E76CDEA /* Embed CipherCrypto */,
				F6789650EC076CE6D00088E8 /* [CP] Embed Pods Frameworks */,
			);
			buildRules = (
			);
			dependencies = (
				9F6044CABCB2CD48DAB823A6 /* PBXTargetDependency */,
			);
			fileSystemSynchronizedGroups = (
				59EC0BA83016349B0033985A /* Cipher */,
			);
			name = Cipher;
			productName = Cipher;
			productReference = 59EC0BA63016349B0033985A /* Cipher.app */;
			productType = "com.apple.product-type.application";
		};
		F77A74EEE587E267B251652D /* CipherCryptoTests */ = {
			isa = PBXNativeTarget;
			buildConfigurationList = F918E42945C28D4EC0964CFE /* Build configuration list for PBXNativeTarget "CipherCryptoTests" */;
			buildPhases = (
				14B79382D787B5A707F4CCAE /* Guard: build from Cipher.xcworkspace */,
				146AA54F106E3FF2A13B3BDD /* [CP] Check Pods Manifest.lock */,
				593B9A17446B79EDB942BABF /* Sources */,
				A81A44A5160E5077CB0DE4DE /* Frameworks */,
				C7FA0FECAEE8302109FFC2E0 /* Resources */,
				F8242C58ABE9B2CEDCF16B11 /* [CP] Embed Pods Frameworks */,
			);
			buildRules = (
			);
			dependencies = (
				81DD87CAC8C57CE7CDC07794 /* PBXTargetDependency */,
				CC6FC8A9553FD8E182853F93 /* PBXTargetDependency */,
			);
			name = CipherCryptoTests;
			productName = CipherCryptoTests;
			productReference = 38481AA880A269F23525BE35 /* CipherCryptoTests.xctest */;
			productType = "com.apple.product-type.bundle.unit-test";
		};
/* End PBXNativeTarget section */

/* Begin PBXProject section */
		59EC0B9E3016349B0033985A /* Project object */ = {
			isa = PBXProject;
			attributes = {
				BuildIndependentTargetsInParallel = 1;
				LastSwiftUpdateCheck = 2660;
				LastUpgradeCheck = 2660;
				TargetAttributes = {
					59EC0BA53016349B0033985A = {
						CreatedOnToolsVersion = 26.6;
					};
				};
			};
			buildConfigurationList = 59EC0BA13016349B0033985A /* Build configuration list for PBXProject "Cipher" */;
			developmentRegion = en;
			hasScannedForEncodings = 0;
			knownRegions = (
				en,
				Base,
				cs,
			);
			mainGroup = 59EC0B9D3016349B0033985A;
			minimizedProjectReferenceProxies = 1;
			preferredProjectObjectVersion = 77;
			productRefGroup = 59EC0BA73016349B0033985A /* Products */;
			projectDirPath = "";
			projectRoot = "";
			targets = (
				59EC0BA53016349B0033985A /* Cipher */,
				22CCFA07FBBB114DE077490E /* CipherCrypto */,
				F77A74EEE587E267B251652D /* CipherCryptoTests */,
				2BDEB6F194143F96D75038B6 /* CipherTests */,
			);
		};
/* End PBXProject section */

/* Begin PBXResourcesBuildPhase section */
		59EC0BA43016349B0033985A /* Resources */ = {
			isa = PBXResourcesBuildPhase;
			buildActionMask = 2147483647;
			files = (
			);
			runOnlyForDeploymentPostprocessing = 0;
		};
		C7FA0FECAEE8302109FFC2E0 /* Resources */ = {
			isa = PBXResourcesBuildPhase;
			buildActionMask = 2147483647;
			files = (
			);
			runOnlyForDeploymentPostprocessing = 0;
		};
		F86828FD13D3E6ED73062108 /* Resources */ = {
			isa = PBXResourcesBuildPhase;
			buildActionMask = 2147483647;
			files = (
			);
			runOnlyForDeploymentPostprocessing = 0;
		};
		FF43BCE238CDFE539A20B7B2 /* Resources */ = {
			isa = PBXResourcesBuildPhase;
			buildActionMask = 2147483647;
			files = (
			);
			runOnlyForDeploymentPostprocessing = 0;
		};
/* End PBXResourcesBuildPhase section */

/* Begin PBXShellScriptBuildPhase section */
		0FBEF93D2B0E5A99D3794E43 /* [CP] Embed Pods Frameworks */ = {
			isa = PBXShellScriptBuildPhase;
			buildActionMask = 2147483647;
			files = (
			);
			inputFileListPaths = (
				"${PODS_ROOT}/Target Support Files/Pods-CipherTests/Pods-CipherTests-frameworks-${CONFIGURATION}-input-files.xcfilelist",
			);
			name = "[CP] Embed Pods Frameworks";
			outputFileListPaths = (
				"${PODS_ROOT}/Target Support Files/Pods-CipherTests/Pods-CipherTests-frameworks-${CONFIGURATION}-output-files.xcfilelist",
			);
			runOnlyForDeploymentPostprocessing = 0;
			shellPath = /bin/sh;
			shellScript = "\"${PODS_ROOT}/Target Support Files/Pods-CipherTests/Pods-CipherTests-frameworks.sh\"\n";
			showEnvVarsInLog = 0;
		};
		146AA54F106E3FF2A13B3BDD /* [CP] Check Pods Manifest.lock */ = {
			isa = PBXShellScriptBuildPhase;
			buildActionMask = 2147483647;
			files = (
			);
			inputFileListPaths = (
			);
			inputPaths = (
				"${PODS_PODFILE_DIR_PATH}/Podfile.lock",
				"${PODS_ROOT}/Manifest.lock",
			);
			name = "[CP] Check Pods Manifest.lock";
			outputFileListPaths = (
			);
			outputPaths = (
				"$(DERIVED_FILE_DIR)/Pods-CipherCryptoTests-checkManifestLockResult.txt",
			);
			runOnlyForDeploymentPostprocessing = 0;
			shellPath = /bin/sh;
			shellScript = "diff \"${PODS_PODFILE_DIR_PATH}/Podfile.lock\" \"${PODS_ROOT}/Manifest.lock\" > /dev/null\nif [ $? != 0 ] ; then\n    # print error to STDERR\n    echo \"error: The sandbox is not in sync with the Podfile.lock. Run 'pod install' or update your CocoaPods installation.\" >&2\n    exit 1\nfi\n# This output is used by Xcode 'outputs' to avoid re-running this script phase.\necho \"SUCCESS\" > \"${SCRIPT_OUTPUT_FILE_0}\"\n";
			showEnvVarsInLog = 0;
		};
		14B79382D787B5A707F4CCAE /* Guard: build from Cipher.xcworkspace */ = {
			isa = PBXShellScriptBuildPhase;
			alwaysOutOfDate = 1;
			buildActionMask = 2147483647;
			files = (
			);
			inputFileListPaths = (
			);
			inputPaths = (
				"$(SRCROOT)/Scripts/require-workspace.sh",
			);
			name = "Guard: build from Cipher.xcworkspace";
			outputFileListPaths = (
			);
			outputPaths = (
			);
			runOnlyForDeploymentPostprocessing = 0;
			shellPath = /bin/sh;
			shellScript = "\"${SRCROOT}/Scripts/require-workspace.sh\"\n";
			showEnvVarsInLog = 0;
		};
		94284884653DE6AB2E0ADD65 /* Guard: build from Cipher.xcworkspace */ = {
			isa = PBXShellScriptBuildPhase;
			alwaysOutOfDate = 1;
			buildActionMask = 2147483647;
			files = (
			);
			inputFileListPaths = (
			);
			inputPaths = (
				"$(SRCROOT)/Scripts/require-workspace.sh",
			);
			name = "Guard: build from Cipher.xcworkspace";
			outputFileListPaths = (
			);
			outputPaths = (
			);
			runOnlyForDeploymentPostprocessing = 0;
			shellPath = /bin/sh;
			shellScript = "\"${SRCROOT}/Scripts/require-workspace.sh\"\n";
			showEnvVarsInLog = 0;
		};
		97906001276085C5F37FB09A /* Guard: build from Cipher.xcworkspace */ = {
			isa = PBXShellScriptBuildPhase;
			alwaysOutOfDate = 1;
			buildActionMask = 2147483647;
			files = (
			);
			inputFileListPaths = (
			);
			inputPaths = (
				"$(SRCROOT)/Scripts/require-workspace.sh",
			);
			name = "Guard: build from Cipher.xcworkspace";
			outputFileListPaths = (
			);
			outputPaths = (
			);
			runOnlyForDeploymentPostprocessing = 0;
			shellPath = /bin/sh;
			shellScript = "\"${SRCROOT}/Scripts/require-workspace.sh\"\n";
			showEnvVarsInLog = 0;
		};
		9B00E4445E67AA89086544B2 /* [CP] Check Pods Manifest.lock */ = {
			isa = PBXShellScriptBuildPhase;
			buildActionMask = 2147483647;
			files = (
			);
			inputFileListPaths = (
			);
			inputPaths = (
				"${PODS_PODFILE_DIR_PATH}/Podfile.lock",
				"${PODS_ROOT}/Manifest.lock",
			);
			name = "[CP] Check Pods Manifest.lock";
			outputFileListPaths = (
			);
			outputPaths = (
				"$(DERIVED_FILE_DIR)/Pods-Cipher-checkManifestLockResult.txt",
			);
			runOnlyForDeploymentPostprocessing = 0;
			shellPath = /bin/sh;
			shellScript = "diff \"${PODS_PODFILE_DIR_PATH}/Podfile.lock\" \"${PODS_ROOT}/Manifest.lock\" > /dev/null\nif [ $? != 0 ] ; then\n    # print error to STDERR\n    echo \"error: The sandbox is not in sync with the Podfile.lock. Run 'pod install' or update your CocoaPods installation.\" >&2\n    exit 1\nfi\n# This output is used by Xcode 'outputs' to avoid re-running this script phase.\necho \"SUCCESS\" > \"${SCRIPT_OUTPUT_FILE_0}\"\n";
			showEnvVarsInLog = 0;
		};
		A9088EBBFD4842618C5181FD /* [CP] Check Pods Manifest.lock */ = {
			isa = PBXShellScriptBuildPhase;
			buildActionMask = 2147483647;
			files = (
			);
			inputFileListPaths = (
			);
			inputPaths = (
				"${PODS_PODFILE_DIR_PATH}/Podfile.lock",
				"${PODS_ROOT}/Manifest.lock",
			);
			name = "[CP] Check Pods Manifest.lock";
			outputFileListPaths = (
			);
			outputPaths = (
				"$(DERIVED_FILE_DIR)/Pods-CipherTests-checkManifestLockResult.txt",
			);
			runOnlyForDeploymentPostprocessing = 0;
			shellPath = /bin/sh;
			shellScript = "diff \"${PODS_PODFILE_DIR_PATH}/Podfile.lock\" \"${PODS_ROOT}/Manifest.lock\" > /dev/null\nif [ $? != 0 ] ; then\n    # print error to STDERR\n    echo \"error: The sandbox is not in sync with the Podfile.lock. Run 'pod install' or update your CocoaPods installation.\" >&2\n    exit 1\nfi\n# This output is used by Xcode 'outputs' to avoid re-running this script phase.\necho \"SUCCESS\" > \"${SCRIPT_OUTPUT_FILE_0}\"\n";
			showEnvVarsInLog = 0;
		};
		F060ACDC69BDD80308097BA7 /* [CP] Check Pods Manifest.lock */ = {
			isa = PBXShellScriptBuildPhase;
			buildActionMask = 2147483647;
			files = (
			);
			inputFileListPaths = (
			);
			inputPaths = (
				"${PODS_PODFILE_DIR_PATH}/Podfile.lock",
				"${PODS_ROOT}/Manifest.lock",
			);
			name = "[CP] Check Pods Manifest.lock";
			outputFileListPaths = (
			);
			outputPaths = (
				"$(DERIVED_FILE_DIR)/Pods-CipherCrypto-checkManifestLockResult.txt",
			);
			runOnlyForDeploymentPostprocessing = 0;
			shellPath = /bin/sh;
			shellScript = "diff \"${PODS_PODFILE_DIR_PATH}/Podfile.lock\" \"${PODS_ROOT}/Manifest.lock\" > /dev/null\nif [ $? != 0 ] ; then\n    # print error to STDERR\n    echo \"error: The sandbox is not in sync with the Podfile.lock. Run 'pod install' or update your CocoaPods installation.\" >&2\n    exit 1\nfi\n# This output is used by Xcode 'outputs' to avoid re-running this script phase.\necho \"SUCCESS\" > \"${SCRIPT_OUTPUT_FILE_0}\"\n";
			showEnvVarsInLog = 0;
		};
		F6789650EC076CE6D00088E8 /* [CP] Embed Pods Frameworks */ = {
			isa = PBXShellScriptBuildPhase;
			buildActionMask = 2147483647;
			files = (
			);
			inputFileListPaths = (
				"${PODS_ROOT}/Target Support Files/Pods-Cipher/Pods-Cipher-frameworks-${CONFIGURATION}-input-files.xcfilelist",
			);
			name = "[CP] Embed Pods Frameworks";
			outputFileListPaths = (
				"${PODS_ROOT}/Target Support Files/Pods-Cipher/Pods-Cipher-frameworks-${CONFIGURATION}-output-files.xcfilelist",
			);
			runOnlyForDeploymentPostprocessing = 0;
			shellPath = /bin/sh;
			shellScript = "\"${PODS_ROOT}/Target Support Files/Pods-Cipher/Pods-Cipher-frameworks.sh\"\n";
			showEnvVarsInLog = 0;
		};
		F8242C58ABE9B2CEDCF16B11 /* [CP] Embed Pods Frameworks */ = {
			isa = PBXShellScriptBuildPhase;
			buildActionMask = 2147483647;
			files = (
			);
			inputFileListPaths = (
				"${PODS_ROOT}/Target Support Files/Pods-CipherCryptoTests/Pods-CipherCryptoTests-frameworks-${CONFIGURATION}-input-files.xcfilelist",
			);
			name = "[CP] Embed Pods Frameworks";
			outputFileListPaths = (
				"${PODS_ROOT}/Target Support Files/Pods-CipherCryptoTests/Pods-CipherCryptoTests-frameworks-${CONFIGURATION}-output-files.xcfilelist",
			);
			runOnlyForDeploymentPostprocessing = 0;
			shellPath = /bin/sh;
			shellScript = "\"${PODS_ROOT}/Target Support Files/Pods-CipherCryptoTests/Pods-CipherCryptoTests-frameworks.sh\"\n";
			showEnvVarsInLog = 0;
		};
/* End PBXShellScriptBuildPhase section */

/* Begin PBXSourcesBuildPhase section */
		47CD1B6F87543AD204FBBEFB /* Sources */ = {
			isa = PBXSourcesBuildPhase;
			buildActionMask = 2147483647;
			files = (
				042CF938F2EE60FF79FD6052 /* SessionCredentialTests.swift in Sources */,
				5C2123EC8030E78225AB7C04 /* AppLockTests.swift in Sources */,
				248BF1E48DC9BCE9C0B8B02E /* CertificatePinnerTests.swift in Sources */,
				F0FC50C9FA15DE850C497D40 /* InviteRedemptionTests.swift in Sources */,
				BAEBCC6CE6CA2AD6DA249C22 /* ConversationArchiveTests.swift in Sources */,
				4A326DE2186DFE93ABDEAD7B /* MessageRepositoryTests.swift in Sources */,
				0C2B4BC649F6996DB2BB60FE /* MessagingTestSupport.swift in Sources */,
				33A1C9C38C7FE84EFB3D5389 /* ProfileStorageTests.swift in Sources */,
				ED2728FA1FFE8986C83F76EF /* ConversationQuotaTests.swift in Sources */,
				AABC215130C4E06664A499C7 /* RelayTransportTests.swift in Sources */,
			);
			runOnlyForDeploymentPostprocessing = 0;
		};
		593B9A17446B79EDB942BABF /* Sources */ = {
			isa = PBXSourcesBuildPhase;
			buildActionMask = 2147483647;
			files = (
				0F21E1E366595FE97FCB7EE9 /* LibsignalContractTests.swift in Sources */,
				3E30D3D43CA5CA698EF66F86 /* ZeroizationRealityTests.swift in Sources */,
				4B8BFBBB2CE8E48BABC86D9A /* EnvelopeTests.swift in Sources */,
				37BE7ED821518ACE02604C00 /* ProtocolStoreTests.swift in Sources */,
				42444794203CDA405F1F4371 /* RecordStoreTests.swift in Sources */,
				CACD818BB01CE920CE17F732 /* StoreTestSupport.swift in Sources */,
				8AB774E3490553316CC72B2A /* LockedDecisionsTests.swift in Sources */,
				0DA2AD1BBBD7D9942A83574D /* MessagingTests.swift in Sources */,
				83574981DBE810BB5736CDEC /* StoreEdgeTests.swift in Sources */,
				776CC8FDACBC0F563EA67E7B /* MessagePayloadTests.swift in Sources */,
				E32D1DB20A9D80DA28DF27E2 /* PublishedKeysTests.swift in Sources */,
				317B38C3DED4B8682E276FFD /* SealedAppStoreTests.swift in Sources */,
				D794929AC3A840996E321A8C /* SealedRowStoreTests.swift in Sources */,
			);
			runOnlyForDeploymentPostprocessing = 0;
		};
		59EC0BA23016349B0033985A /* Sources */ = {
			isa = PBXSourcesBuildPhase;
			buildActionMask = 2147483647;
			files = (
			);
			runOnlyForDeploymentPostprocessing = 0;
		};
		9DD7052DD1E398E69C5D6E16 /* Sources */ = {
			isa = PBXSourcesBuildPhase;
			buildActionMask = 2147483647;
			files = (
				786E39286A74AD3282C448E1 /* CipherCrypto.swift in Sources */,
				B5E66E699DC497B957020592 /* SecretData.swift in Sources */,
				0FFF05490392465EA74AC7DB /* CryptoActor.swift in Sources */,
				A52D83C6A721DE4895AB93A6 /* IsolationContract.swift in Sources */,
				5E96D052EF1D3D89528AB3E9 /* RedactingLogger.swift in Sources */,
				87FB7B3DBA877708C2478C04 /* Envelope.swift in Sources */,
				46FAADBFFF4E0C3AAC1CDAEA /* CryptoEngine.swift in Sources */,
				A6FFBC25C9E20A10B0807CC6 /* CipherProtocolStore.swift in Sources */,
				F65F77DA55464AEEE850B692 /* DeviceIdentity.swift in Sources */,
				F36F71FF681E26BC3091DE26 /* EncryptedFileRecordStore.swift in Sources */,
				EA74E2C7F0DC4468C42E074B /* PeerIdentityRecord.swift in Sources */,
				D788943F1D625F858963BEAD /* RecordStore.swift in Sources */,
				74173E74956782613B187C63 /* SecretStorage.swift in Sources */,
				D23648D596EA56613ED962D3 /* Messaging.swift in Sources */,
				C90751C827A2F416B33D9C2B /* PeerAddress.swift in Sources */,
				8DBF8558619ED2EC7B0121C7 /* PeerKeyBundle.swift in Sources */,
				713D3CB276FE5B4AF49A307B /* ServiceIdentifier.swift in Sources */,
				35834ED1FCC04FEAFA74107A /* PublishedKeys.swift in Sources */,
				D774C272C66FBEB28D73D916 /* SealedAppStore.swift in Sources */,
				00A296DF6F5690172B35725B /* MessagePayload.swift in Sources */,
				32B12CDF28E75B4A992704BE /* SealedRecordDatabase.swift in Sources */,
				338E1C5B2D58C7F1F021FD7E /* SealedRowStore.swift in Sources */,
			);
			runOnlyForDeploymentPostprocessing = 0;
		};
/* End PBXSourcesBuildPhase section */

/* Begin PBXTargetDependency section */
		5C24EF7A4E61552E9E0F0E7F /* PBXTargetDependency */ = {
			isa = PBXTargetDependency;
			name = Cipher;
			target = 59EC0BA53016349B0033985A /* Cipher */;
			targetProxy = E7DEF2DD778EC2167E434CA0 /* PBXContainerItemProxy */;
		};
		81DD87CAC8C57CE7CDC07794 /* PBXTargetDependency */ = {
			isa = PBXTargetDependency;
			name = CipherCrypto;
			target = 22CCFA07FBBB114DE077490E /* CipherCrypto */;
			targetProxy = 501624C1B2F7A7A9F0583FF2 /* PBXContainerItemProxy */;
		};
		9F6044CABCB2CD48DAB823A6 /* PBXTargetDependency */ = {
			isa = PBXTargetDependency;
			name = CipherCrypto;
			target = 22CCFA07FBBB114DE077490E /* CipherCrypto */;
			targetProxy = 611BE6CCB475D61166365420 /* PBXContainerItemProxy */;
		};
		CC6FC8A9553FD8E182853F93 /* PBXTargetDependency */ = {
			isa = PBXTargetDependency;
			name = Cipher;
			target = 59EC0BA53016349B0033985A /* Cipher */;
			targetProxy = A59213DC437EAF1A5F6101EE /* PBXContainerItemProxy */;
		};
/* End PBXTargetDependency section */

/* Begin XCBuildConfiguration section */
		59EC0BAF3016349C0033985A /* Debug */ = {
			isa = XCBuildConfiguration;
			buildSettings = {
				ALWAYS_SEARCH_USER_PATHS = NO;
				ASSETCATALOG_COMPILER_GENERATE_SWIFT_ASSET_SYMBOL_EXTENSIONS = YES;
				CLANG_ANALYZER_NONNULL = YES;
				CLANG_ANALYZER_NUMBER_OBJECT_CONVERSION = YES_AGGRESSIVE;
				CLANG_CXX_LANGUAGE_STANDARD = "gnu++20";
				CLANG_ENABLE_MODULES = YES;
				CLANG_ENABLE_OBJC_ARC = YES;
				CLANG_ENABLE_OBJC_WEAK = YES;
				CLANG_WARN_BLOCK_CAPTURE_AUTORELEASING = YES;
				CLANG_WARN_BOOL_CONVERSION = YES;
				CLANG_WARN_COMMA = YES;
				CLANG_WARN_CONSTANT_CONVERSION = YES;
				CLANG_WARN_DEPRECATED_OBJC_IMPLEMENTATIONS = YES;
				CLANG_WARN_DIRECT_OBJC_ISA_USAGE = YES_ERROR;
				CLANG_WARN_DOCUMENTATION_COMMENTS = YES;
				CLANG_WARN_EMPTY_BODY = YES;
				CLANG_WARN_ENUM_CONVERSION = YES;
				CLANG_WARN_INFINITE_RECURSION = YES;
				CLANG_WARN_INT_CONVERSION = YES;
				CLANG_WARN_NON_LITERAL_NULL_CONVERSION = YES;
				CLANG_WARN_OBJC_IMPLICIT_RETAIN_SELF = YES;
				CLANG_WARN_OBJC_LITERAL_CONVERSION = YES;
				CLANG_WARN_OBJC_ROOT_CLASS = YES_ERROR;
				CLANG_WARN_QUOTED_INCLUDE_IN_FRAMEWORK_HEADER = YES;
				CLANG_WARN_RANGE_LOOP_ANALYSIS = YES;
				CLANG_WARN_STRICT_PROTOTYPES = YES;
				CLANG_WARN_SUSPICIOUS_MOVE = YES;
				CLANG_WARN_UNGUARDED_AVAILABILITY = YES_AGGRESSIVE;
				CLANG_WARN_UNREACHABLE_CODE = YES;
				CLANG_WARN__DUPLICATE_METHOD_MATCH = YES;
				COPY_PHASE_STRIP = NO;
				DEBUG_INFORMATION_FORMAT = dwarf;
				DEVELOPMENT_TEAM = 22C66TDMT9;
				ENABLE_STRICT_OBJC_MSGSEND = YES;
				ENABLE_TESTABILITY = YES;
				ENABLE_USER_SCRIPT_SANDBOXING = YES;
				GCC_C_LANGUAGE_STANDARD = gnu17;
				GCC_DYNAMIC_NO_PIC = NO;
				GCC_NO_COMMON_BLOCKS = YES;
				GCC_OPTIMIZATION_LEVEL = 0;
				GCC_PREPROCESSOR_DEFINITIONS = (
					"DEBUG=1",
					"$(inherited)",
				);
				GCC_WARN_64_TO_32_BIT_CONVERSION = YES;
				GCC_WARN_ABOUT_RETURN_TYPE = YES_ERROR;
				GCC_WARN_UNDECLARED_SELECTOR = YES;
				GCC_WARN_UNINITIALIZED_AUTOS = YES_AGGRESSIVE;
				GCC_WARN_UNUSED_FUNCTION = YES;
				GCC_WARN_UNUSED_VARIABLE = YES;
				IPHONEOS_DEPLOYMENT_TARGET = 26.5;
				LOCALIZATION_PREFERS_STRING_CATALOGS = YES;
				MTL_ENABLE_DEBUG_INFO = INCLUDE_SOURCE;
				MTL_FAST_MATH = YES;
				ONLY_ACTIVE_ARCH = YES;
				SDKROOT = iphoneos;
				SUPPORTS_MACCATALYST = NO;
				SUPPORTS_MAC_DESIGNED_FOR_IPHONE_IPAD = NO;
				SUPPORTS_XR_DESIGNED_FOR_IPHONE_IPAD = NO;
				SWIFT_ACTIVE_COMPILATION_CONDITIONS = "DEBUG $(inherited)";
				SWIFT_ENABLE_EXPLICIT_MODULES = NO;
				SWIFT_OPTIMIZATION_LEVEL = "-Onone";
			};
			name = Debug;
		};
		59EC0BB03016349C0033985A /* Release */ = {
			isa = XCBuildConfiguration;
			buildSettings = {
				ALWAYS_SEARCH_USER_PATHS = NO;
				ASSETCATALOG_COMPILER_GENERATE_SWIFT_ASSET_SYMBOL_EXTENSIONS = YES;
				CLANG_ANALYZER_NONNULL = YES;
				CLANG_ANALYZER_NUMBER_OBJECT_CONVERSION = YES_AGGRESSIVE;
				CLANG_CXX_LANGUAGE_STANDARD = "gnu++20";
				CLANG_ENABLE_MODULES = YES;
				CLANG_ENABLE_OBJC_ARC = YES;
				CLANG_ENABLE_OBJC_WEAK = YES;
				CLANG_WARN_BLOCK_CAPTURE_AUTORELEASING = YES;
				CLANG_WARN_BOOL_CONVERSION = YES;
				CLANG_WARN_COMMA = YES;
				CLANG_WARN_CONSTANT_CONVERSION = YES;
				CLANG_WARN_DEPRECATED_OBJC_IMPLEMENTATIONS = YES;
				CLANG_WARN_DIRECT_OBJC_ISA_USAGE = YES_ERROR;
				CLANG_WARN_DOCUMENTATION_COMMENTS = YES;
				CLANG_WARN_EMPTY_BODY = YES;
				CLANG_WARN_ENUM_CONVERSION = YES;
				CLANG_WARN_INFINITE_RECURSION = YES;
				CLANG_WARN_INT_CONVERSION = YES;
				CLANG_WARN_NON_LITERAL_NULL_CONVERSION = YES;
				CLANG_WARN_OBJC_IMPLICIT_RETAIN_SELF = YES;
				CLANG_WARN_OBJC_LITERAL_CONVERSION = YES;
				CLANG_WARN_OBJC_ROOT_CLASS = YES_ERROR;
				CLANG_WARN_QUOTED_INCLUDE_IN_FRAMEWORK_HEADER = YES;
				CLANG_WARN_RANGE_LOOP_ANALYSIS = YES;
				CLANG_WARN_STRICT_PROTOTYPES = YES;
				CLANG_WARN_SUSPICIOUS_MOVE = YES;
				CLANG_WARN_UNGUARDED_AVAILABILITY = YES_AGGRESSIVE;
				CLANG_WARN_UNREACHABLE_CODE = YES;
				CLANG_WARN__DUPLICATE_METHOD_MATCH = YES;
				COPY_PHASE_STRIP = NO;
				DEBUG_INFORMATION_FORMAT = "dwarf-with-dsym";
				DEVELOPMENT_TEAM = 22C66TDMT9;
				ENABLE_NS_ASSERTIONS = NO;
				ENABLE_STRICT_OBJC_MSGSEND = YES;
				ENABLE_USER_SCRIPT_SANDBOXING = YES;
				GCC_C_LANGUAGE_STANDARD = gnu17;
				GCC_NO_COMMON_BLOCKS = YES;
				GCC_WARN_64_TO_32_BIT_CONVERSION = YES;
				GCC_WARN_ABOUT_RETURN_TYPE = YES_ERROR;
				GCC_WARN_UNDECLARED_SELECTOR = YES;
				GCC_WARN_UNINITIALIZED_AUTOS = YES_AGGRESSIVE;
				GCC_WARN_UNUSED_FUNCTION = YES;
				GCC_WARN_UNUSED_VARIABLE = YES;
				IPHONEOS_DEPLOYMENT_TARGET = 26.5;
				LOCALIZATION_PREFERS_STRING_CATALOGS = YES;
				MTL_ENABLE_DEBUG_INFO = NO;
				MTL_FAST_MATH = YES;
				SDKROOT = iphoneos;
				SUPPORTS_MACCATALYST = NO;
				SUPPORTS_MAC_DESIGNED_FOR_IPHONE_IPAD = NO;
				SUPPORTS_XR_DESIGNED_FOR_IPHONE_IPAD = NO;
				SWIFT_COMPILATION_MODE = wholemodule;
				SWIFT_ENABLE_EXPLICIT_MODULES = NO;
				VALIDATE_PRODUCT = YES;
			};
			name = Release;
		};
		59EC0BB23016349C0033985A /* Debug */ = {
			isa = XCBuildConfiguration;
			baseConfigurationReference = EA0F25AF9A6130A829987D1F /* Pods-Cipher.debug.xcconfig */;
			buildSettings = {
				ASSETCATALOG_COMPILER_APPICON_NAME = AppIcon;
				ASSETCATALOG_COMPILER_GLOBAL_ACCENT_COLOR_NAME = AccentColor;
				CODE_SIGN_STYLE = Automatic;
				CURRENT_PROJECT_VERSION = 1;
				DEVELOPMENT_TEAM = 22C66TDMT9;
				ENABLE_PREVIEWS = YES;
				ENABLE_USER_SCRIPT_SANDBOXING = NO;
				GENERATE_INFOPLIST_FILE = YES;
				HEADER_SEARCH_PATHS = (
					"$(inherited)",
					"\"$(PODS_ROOT)/LibSignalClient/swift/Sources/SignalFfi\"",
				);
				INFOPLIST_KEY_NSFaceIDUsageDescription = "Cipher uses Face ID to unlock the app.";
				INFOPLIST_KEY_UIApplicationSceneManifest_Generation = YES;
				INFOPLIST_KEY_UIApplicationSupportsIndirectInputEvents = YES;
				INFOPLIST_KEY_UILaunchScreen_Generation = YES;
				INFOPLIST_KEY_UISupportedInterfaceOrientations_iPad = "UIInterfaceOrientationPortrait UIInterfaceOrientationPortraitUpsideDown UIInterfaceOrientationLandscapeLeft UIInterfaceOrientationLandscapeRight";
				INFOPLIST_KEY_UISupportedInterfaceOrientations_iPhone = "UIInterfaceOrientationPortrait UIInterfaceOrientationLandscapeLeft UIInterfaceOrientationLandscapeRight";
				LD_RUNPATH_SEARCH_PATHS = (
					"$(inherited)",
					"@executable_path/Frameworks",
				);
				MARKETING_VERSION = 1.0;
				PRODUCT_BUNDLE_IDENTIFIER = cz.janrichtermoc.Cipher;
				PRODUCT_NAME = "$(TARGET_NAME)";
				STRING_CATALOG_GENERATE_SYMBOLS = YES;
				SUPPORTS_MACCATALYST = NO;
				SUPPORTS_MAC_DESIGNED_FOR_IPHONE_IPAD = NO;
				SUPPORTS_XR_DESIGNED_FOR_IPHONE_IPAD = NO;
				SWIFT_APPROACHABLE_CONCURRENCY = YES;
				SWIFT_DEFAULT_ACTOR_ISOLATION = MainActor;
				SWIFT_EMIT_LOC_STRINGS = YES;
				SWIFT_ENABLE_EXPLICIT_MODULES = NO;
				SWIFT_INCLUDE_PATHS = "$(inherited) \"$(PODS_ROOT)/LibSignalClient/swift/Sources/SignalFfi\"";
				SWIFT_STRICT_CONCURRENCY = complete;
				SWIFT_UPCOMING_FEATURE_MEMBER_IMPORT_VISIBILITY = YES;
				SWIFT_VERSION = 6.0;
				TARGETED_DEVICE_FAMILY = 1;
			};
			name = Debug;
		};
		59EC0BB33016349C0033985A /* Release */ = {
			isa = XCBuildConfiguration;
			baseConfigurationReference = 51E6535EA7AB2420557804D3 /* Pods-Cipher.release.xcconfig */;
			buildSettings = {
				ASSETCATALOG_COMPILER_APPICON_NAME = AppIcon;
				ASSETCATALOG_COMPILER_GLOBAL_ACCENT_COLOR_NAME = AccentColor;
				CODE_SIGN_STYLE = Automatic;
				CURRENT_PROJECT_VERSION = 1;
				DEVELOPMENT_TEAM = 22C66TDMT9;
				ENABLE_PREVIEWS = YES;
				ENABLE_USER_SCRIPT_SANDBOXING = NO;
				GENERATE_INFOPLIST_FILE = YES;
				HEADER_SEARCH_PATHS = (
					"$(inherited)",
					"\"$(PODS_ROOT)/LibSignalClient/swift/Sources/SignalFfi\"",
				);
				INFOPLIST_KEY_NSFaceIDUsageDescription = "Cipher uses Face ID to unlock the app.";
				INFOPLIST_KEY_UIApplicationSceneManifest_Generation = YES;
				INFOPLIST_KEY_UIApplicationSupportsIndirectInputEvents = YES;
				INFOPLIST_KEY_UILaunchScreen_Generation = YES;
				INFOPLIST_KEY_UISupportedInterfaceOrientations_iPad = "UIInterfaceOrientationPortrait UIInterfaceOrientationPortraitUpsideDown UIInterfaceOrientationLandscapeLeft UIInterfaceOrientationLandscapeRight";
				INFOPLIST_KEY_UISupportedInterfaceOrientations_iPhone = "UIInterfaceOrientationPortrait UIInterfaceOrientationLandscapeLeft UIInterfaceOrientationLandscapeRight";
				LD_RUNPATH_SEARCH_PATHS = (
					"$(inherited)",
					"@executable_path/Frameworks",
				);
				MARKETING_VERSION = 1.0;
				PRODUCT_BUNDLE_IDENTIFIER = cz.janrichtermoc.Cipher;
				PRODUCT_NAME = "$(TARGET_NAME)";
				STRING_CATALOG_GENERATE_SYMBOLS = YES;
				SUPPORTS_MACCATALYST = NO;
				SUPPORTS_MAC_DESIGNED_FOR_IPHONE_IPAD = NO;
				SUPPORTS_XR_DESIGNED_FOR_IPHONE_IPAD = NO;
				SWIFT_APPROACHABLE_CONCURRENCY = YES;
				SWIFT_DEFAULT_ACTOR_ISOLATION = MainActor;
				SWIFT_EMIT_LOC_STRINGS = YES;
				SWIFT_ENABLE_EXPLICIT_MODULES = NO;
				SWIFT_INCLUDE_PATHS = "$(inherited) \"$(PODS_ROOT)/LibSignalClient/swift/Sources/SignalFfi\"";
				SWIFT_STRICT_CONCURRENCY = complete;
				SWIFT_UPCOMING_FEATURE_MEMBER_IMPORT_VISIBILITY = YES;
				SWIFT_VERSION = 6.0;
				TARGETED_DEVICE_FAMILY = 1;
			};
			name = Release;
		};
		7A6A2FC5773A4059427C12AF /* Release */ = {
			isa = XCBuildConfiguration;
			baseConfigurationReference = CA26B96B15EBE6A58944B572 /* Pods-CipherCrypto.release.xcconfig */;
			buildSettings = {
				CLANG_ENABLE_MODULES = YES;
				CLANG_ENABLE_OBJC_WEAK = NO;
				CODE_SIGN_STYLE = Automatic;
				CURRENT_PROJECT_VERSION = 1;
				DEFINES_MODULE = YES;
				DEVELOPMENT_TEAM = 22C66TDMT9;
				DYLIB_COMPATIBILITY_VERSION = 1;
				DYLIB_CURRENT_VERSION = 1;
				DYLIB_INSTALL_NAME_BASE = "@rpath";
				ENABLE_USER_SCRIPT_SANDBOXING = YES;
				GCC_TREAT_WARNINGS_AS_ERRORS = YES;
				GENERATE_INFOPLIST_FILE = YES;
				HEADER_SEARCH_PATHS = (
					"$(inherited)",
					"\"$(PODS_ROOT)/LibSignalClient/swift/Sources/SignalFfi\"",
				);
				INSTALL_PATH = "$(LOCAL_LIBRARY_DIR)/Frameworks";
				IPHONEOS_DEPLOYMENT_TARGET = 26.5;
				LD_RUNPATH_SEARCH_PATHS = (
					"$(inherited)",
					"@executable_path/Frameworks",
					"@loader_path/Frameworks",
				);
				PRODUCT_BUNDLE_IDENTIFIER = cz.janrichtermoc.CipherCrypto;
				PRODUCT_NAME = CipherCrypto;
				SDKROOT = iphoneos;
				SKIP_INSTALL = YES;
				SWIFT_APPROACHABLE_CONCURRENCY = YES;
				SWIFT_DEFAULT_ACTOR_ISOLATION = nonisolated;
				SWIFT_ENABLE_EXPLICIT_MODULES = NO;
				SWIFT_INCLUDE_PATHS = "$(inherited) \"$(PODS_ROOT)/LibSignalClient/swift/Sources/SignalFfi\"";
				SWIFT_OBJC_INTERFACE_HEADER_NAME = "CipherCrypto-Swift.h";
				SWIFT_STRICT_CONCURRENCY = complete;
				SWIFT_TREAT_WARNINGS_AS_ERRORS = YES;
				SWIFT_VERSION = 6.0;
				TARGETED_DEVICE_FAMILY = 1;
				VALIDATE_PRODUCT = YES;
				VERSIONING_SYSTEM = "apple-generic";
				VERSION_INFO_PREFIX = "";
			};
			name = Release;
		};
		7E1F4822123231619EC7C2CD /* Release */ = {
			isa = XCBuildConfiguration;
			baseConfigurationReference = D4D220698347B14C8894D002 /* Pods-CipherCryptoTests.release.xcconfig */;
			buildSettings = {
				BUNDLE_LOADER = "$(TEST_HOST)";
				CLANG_ENABLE_MODULES = YES;
				CLANG_ENABLE_OBJC_WEAK = NO;
				CODE_SIGN_STYLE = Automatic;
				DEVELOPMENT_TEAM = 22C66TDMT9;
				ENABLE_USER_SCRIPT_SANDBOXING = NO;
				GCC_TREAT_WARNINGS_AS_ERRORS = YES;
				GENERATE_INFOPLIST_FILE = YES;
				HEADER_SEARCH_PATHS = (
					"$(inherited)",
					"\"$(PODS_ROOT)/LibSignalClient/swift/Sources/SignalFfi\"",
				);
				IPHONEOS_DEPLOYMENT_TARGET = 26.5;
				LD_RUNPATH_SEARCH_PATHS = (
					"$(inherited)",
					"@executable_path/Frameworks",
					"@loader_path/Frameworks",
				);
				PRODUCT_BUNDLE_IDENTIFIER = cz.janrichtermoc.CipherCryptoTests;
				PRODUCT_NAME = CipherCryptoTests;
				SDKROOT = iphoneos;
				SWIFT_APPROACHABLE_CONCURRENCY = YES;
				SWIFT_DEFAULT_ACTOR_ISOLATION = nonisolated;
				SWIFT_ENABLE_EXPLICIT_MODULES = NO;
				SWIFT_INCLUDE_PATHS = "$(inherited) \"$(PODS_ROOT)/LibSignalClient/swift/Sources/SignalFfi\"";
				SWIFT_STRICT_CONCURRENCY = complete;
				SWIFT_TREAT_WARNINGS_AS_ERRORS = YES;
				SWIFT_VERSION = 6.0;
				TARGETED_DEVICE_FAMILY = 1;
				TEST_HOST = "$(BUILT_PRODUCTS_DIR)/Cipher.app/$(BUNDLE_EXECUTABLE_FOLDER_PATH)/Cipher";
				TEST_TARGET_NAME = Cipher;
				VALIDATE_PRODUCT = YES;
			};
			name = Release;
		};
		AD54DA10028B0901F8E873EB /* Debug */ = {
			isa = XCBuildConfiguration;
			baseConfigurationReference = 69694E5A85DCF8DE4B61667A /* Pods-CipherTests.debug.xcconfig */;
			buildSettings = {
				BUNDLE_LOADER = "$(TEST_HOST)";
				CLANG_ENABLE_OBJC_WEAK = NO;
				DEVELOPMENT_TEAM = 22C66TDMT9;
				ENABLE_USER_SCRIPT_SANDBOXING = NO;
				GCC_TREAT_WARNINGS_AS_ERRORS = YES;
				GENERATE_INFOPLIST_FILE = YES;
				HEADER_SEARCH_PATHS = (
					"$(inherited)",
					"\"$(PODS_ROOT)/LibSignalClient/swift/Sources/SignalFfi\"",
				);
				IPHONEOS_DEPLOYMENT_TARGET = 26.5;
				LD_RUNPATH_SEARCH_PATHS = (
					"$(inherited)",
					"@executable_path/Frameworks",
					"@loader_path/Frameworks",
				);
				PRODUCT_BUNDLE_IDENTIFIER = cz.janrichtermoc.CipherTests;
				PRODUCT_NAME = CipherTests;
				SDKROOT = iphoneos;
				SWIFT_ENABLE_EXPLICIT_MODULES = NO;
				SWIFT_INCLUDE_PATHS = "$(inherited) \"$(PODS_ROOT)/LibSignalClient/swift/Sources/SignalFfi\"";
				SWIFT_STRICT_CONCURRENCY = complete;
				SWIFT_TREAT_WARNINGS_AS_ERRORS = YES;
				SWIFT_VERSION = 6.0;
				TEST_HOST = "$(BUILT_PRODUCTS_DIR)/Cipher.app/$(BUNDLE_EXECUTABLE_FOLDER_PATH)/Cipher";
				TEST_TARGET_NAME = Cipher;
			};
			name = Debug;
		};
		BCBCE7DA841F146E2913A0EE /* Debug */ = {
			isa = XCBuildConfiguration;
			baseConfigurationReference = 1250270E512D8253FA3AD568 /* Pods-CipherCrypto.debug.xcconfig */;
			buildSettings = {
				CLANG_ENABLE_MODULES = YES;
				CLANG_ENABLE_OBJC_WEAK = NO;
				CODE_SIGN_STYLE = Automatic;
				CURRENT_PROJECT_VERSION = 1;
				DEFINES_MODULE = YES;
				DEVELOPMENT_TEAM = 22C66TDMT9;
				DYLIB_COMPATIBILITY_VERSION = 1;
				DYLIB_CURRENT_VERSION = 1;
				DYLIB_INSTALL_NAME_BASE = "@rpath";
				ENABLE_USER_SCRIPT_SANDBOXING = YES;
				GCC_TREAT_WARNINGS_AS_ERRORS = YES;
				GENERATE_INFOPLIST_FILE = YES;
				HEADER_SEARCH_PATHS = (
					"$(inherited)",
					"\"$(PODS_ROOT)/LibSignalClient/swift/Sources/SignalFfi\"",
				);
				INSTALL_PATH = "$(LOCAL_LIBRARY_DIR)/Frameworks";
				IPHONEOS_DEPLOYMENT_TARGET = 26.5;
				LD_RUNPATH_SEARCH_PATHS = (
					"$(inherited)",
					"@executable_path/Frameworks",
					"@loader_path/Frameworks",
				);
				PRODUCT_BUNDLE_IDENTIFIER = cz.janrichtermoc.CipherCrypto;
				PRODUCT_NAME = CipherCrypto;
				SDKROOT = iphoneos;
				SKIP_INSTALL = YES;
				SWIFT_APPROACHABLE_CONCURRENCY = YES;
				SWIFT_DEFAULT_ACTOR_ISOLATION = nonisolated;
				SWIFT_ENABLE_EXPLICIT_MODULES = NO;
				SWIFT_INCLUDE_PATHS = "$(inherited) \"$(PODS_ROOT)/LibSignalClient/swift/Sources/SignalFfi\"";
				SWIFT_OBJC_INTERFACE_HEADER_NAME = "CipherCrypto-Swift.h";
				SWIFT_STRICT_CONCURRENCY = complete;
				SWIFT_TREAT_WARNINGS_AS_ERRORS = YES;
				SWIFT_VERSION = 6.0;
				TARGETED_DEVICE_FAMILY = 1;
				VERSIONING_SYSTEM = "apple-generic";
				VERSION_INFO_PREFIX = "";
			};
			name = Debug;
		};
		C28163950D3E62A844F448D3 /* Debug */ = {
			isa = XCBuildConfiguration;
			baseConfigurationReference = 1EB5B9023A76498C444C98DC /* Pods-CipherCryptoTests.debug.xcconfig */;
			buildSettings = {
				BUNDLE_LOADER = "$(TEST_HOST)";
				CLANG_ENABLE_MODULES = YES;
				CLANG_ENABLE_OBJC_WEAK = NO;
				CODE_SIGN_STYLE = Automatic;
				DEVELOPMENT_TEAM = 22C66TDMT9;
				ENABLE_USER_SCRIPT_SANDBOXING = NO;
				GCC_TREAT_WARNINGS_AS_ERRORS = YES;
				GENERATE_INFOPLIST_FILE = YES;
				HEADER_SEARCH_PATHS = (
					"$(inherited)",
					"\"$(PODS_ROOT)/LibSignalClient/swift/Sources/SignalFfi\"",
				);
				IPHONEOS_DEPLOYMENT_TARGET = 26.5;
				LD_RUNPATH_SEARCH_PATHS = (
					"$(inherited)",
					"@executable_path/Frameworks",
					"@loader_path/Frameworks",
				);
				PRODUCT_BUNDLE_IDENTIFIER = cz.janrichtermoc.CipherCryptoTests;
				PRODUCT_NAME = CipherCryptoTests;
				SDKROOT = iphoneos;
				SWIFT_APPROACHABLE_CONCURRENCY = YES;
				SWIFT_DEFAULT_ACTOR_ISOLATION = nonisolated;
				SWIFT_ENABLE_EXPLICIT_MODULES = NO;
				SWIFT_INCLUDE_PATHS = "$(inherited) \"$(PODS_ROOT)/LibSignalClient/swift/Sources/SignalFfi\"";
				SWIFT_STRICT_CONCURRENCY = complete;
				SWIFT_TREAT_WARNINGS_AS_ERRORS = YES;
				SWIFT_VERSION = 6.0;
				TARGETED_DEVICE_FAMILY = 1;
				TEST_HOST = "$(BUILT_PRODUCTS_DIR)/Cipher.app/$(BUNDLE_EXECUTABLE_FOLDER_PATH)/Cipher";
				TEST_TARGET_NAME = Cipher;
			};
			name = Debug;
		};
		D82A2BDB002AF4F9ECE90A13 /* Release */ = {
			isa = XCBuildConfiguration;
			baseConfigurationReference = 92B1E7C0CE0ECC8CAF4C76F8 /* Pods-CipherTests.release.xcconfig */;
			buildSettings = {
				BUNDLE_LOADER = "$(TEST_HOST)";
				CLANG_ENABLE_OBJC_WEAK = NO;
				DEVELOPMENT_TEAM = 22C66TDMT9;
				ENABLE_USER_SCRIPT_SANDBOXING = NO;
				GCC_TREAT_WARNINGS_AS_ERRORS = YES;
				GENERATE_INFOPLIST_FILE = YES;
				HEADER_SEARCH_PATHS = (
					"$(inherited)",
					"\"$(PODS_ROOT)/LibSignalClient/swift/Sources/SignalFfi\"",
				);
				IPHONEOS_DEPLOYMENT_TARGET = 26.5;
				LD_RUNPATH_SEARCH_PATHS = (
					"$(inherited)",
					"@executable_path/Frameworks",
					"@loader_path/Frameworks",
				);
				PRODUCT_BUNDLE_IDENTIFIER = cz.janrichtermoc.CipherTests;
				PRODUCT_NAME = CipherTests;
				SDKROOT = iphoneos;
				SWIFT_ENABLE_EXPLICIT_MODULES = NO;
				SWIFT_INCLUDE_PATHS = "$(inherited) \"$(PODS_ROOT)/LibSignalClient/swift/Sources/SignalFfi\"";
				SWIFT_STRICT_CONCURRENCY = complete;
				SWIFT_TREAT_WARNINGS_AS_ERRORS = YES;
				SWIFT_VERSION = 6.0;
				TEST_HOST = "$(BUILT_PRODUCTS_DIR)/Cipher.app/$(BUNDLE_EXECUTABLE_FOLDER_PATH)/Cipher";
				TEST_TARGET_NAME = Cipher;
				VALIDATE_PRODUCT = YES;
			};
			name = Release;
		};
/* End XCBuildConfiguration section */

/* Begin XCConfigurationList section */
		1515AD6256C48A8E9CF07175 /* Build configuration list for PBXNativeTarget "CipherTests" */ = {
			isa = XCConfigurationList;
			buildConfigurations = (
				D82A2BDB002AF4F9ECE90A13 /* Release */,
				AD54DA10028B0901F8E873EB /* Debug */,
			);
			defaultConfigurationIsVisible = 0;
			defaultConfigurationName = Release;
		};
		59EC0BA13016349B0033985A /* Build configuration list for PBXProject "Cipher" */ = {
			isa = XCConfigurationList;
			buildConfigurations = (
				59EC0BAF3016349C0033985A /* Debug */,
				59EC0BB03016349C0033985A /* Release */,
			);
			defaultConfigurationIsVisible = 0;
			defaultConfigurationName = Release;
		};
		59EC0BB13016349C0033985A /* Build configuration list for PBXNativeTarget "Cipher" */ = {
			isa = XCConfigurationList;
			buildConfigurations = (
				59EC0BB23016349C0033985A /* Debug */,
				59EC0BB33016349C0033985A /* Release */,
			);
			defaultConfigurationIsVisible = 0;
			defaultConfigurationName = Release;
		};
		BD3820FF5F90F676E41F7D4F /* Build configuration list for PBXNativeTarget "CipherCrypto" */ = {
			isa = XCConfigurationList;
			buildConfigurations = (
				7A6A2FC5773A4059427C12AF /* Release */,
				BCBCE7DA841F146E2913A0EE /* Debug */,
			);
			defaultConfigurationIsVisible = 0;
			defaultConfigurationName = Release;
		};
		F918E42945C28D4EC0964CFE /* Build configuration list for PBXNativeTarget "CipherCryptoTests" */ = {
			isa = XCConfigurationList;
			buildConfigurations = (
				7E1F4822123231619EC7C2CD /* Release */,
				C28163950D3E62A844F448D3 /* Debug */,
			);
			defaultConfigurationIsVisible = 0;
			defaultConfigurationName = Release;
		};
/* End XCConfigurationList section */
	};
	rootObject = 59EC0B9E3016349B0033985A /* Project object */;
}
